
Microsoft Visual Studio Solution File, Format Version 12.00
# Visual Studio Version 16
VisualStudioVersion = 16.0.31025.194
MinimumVisualStudioVersion = 10.0.40219.1
Project("{FAE04EC0-301F-11D3-BF4B-00C04F79EFBC}") = "Task5-2", "Task5-2\Task5-2.csproj", "{BECBEAD5-9D27-45A6-84D5-AE72028A7274}"
EndProject
Global
	GlobalSection(SolutionConfigurationPlatforms) = preSolution
		Debug|Any CPU = Debug|Any CPU
		Release|Any CPU = Release|Any CPU
	EndGlobalSection
	GlobalSection(ProjectConfigurationPlatforms) = postSolution
		{BECBEAD5-9D27-45A6-84D5-AE72028A7274}.Debug|Any CPU.ActiveCfg = Debug|Any CPU
		{BECBEAD5-9D27-45A6-84D5-AE72028A7274}.Debug|Any CPU.Build.0 = Debug|Any CPU
		{BECBEAD5-9D27-45A6-84D5-AE72028A7274}.Release|Any CPU.ActiveCfg = Release|Any CPU
		{BECBEAD5-9D27-45A6-84D5-AE72028A7274}.Release|Any CPU.Build.0 = Release|Any CPU
	EndGlobalSection
	GlobalSection(SolutionProperties) = preSolution
		HideSolutionNode = FALSE
	EndGlobalSection
	GlobalSection(ExtensibilityGlobals) = postSolution
		SolutionGuid = {E4285F31-EC64-4741-ADEF-D0A9FA53AC50}
	EndGlobalSection
EndGlobal
