
Microsoft Visual Studio Solution File, Format Version 12.00
# Visual Studio Version 16
VisualStudioVersion = 16.0.31025.194
MinimumVisualStudioVersion = 10.0.40219.1
Project("{FAE04EC0-301F-11D3-BF4B-00C04F79EFBC}") = "Task4.2", "Task4.2\Task4.2.csproj", "{3DA7E4D7-21A3-405B-9D9E-E4467E593C93}"
EndProject
Global
	GlobalSection(SolutionConfigurationPlatforms) = preSolution
		Debug|Any CPU = Debug|Any CPU
		Release|Any CPU = Release|Any CPU
	EndGlobalSection
	GlobalSection(ProjectConfigurationPlatforms) = postSolution
		{3DA7E4D7-21A3-405B-9D9E-E4467E593C93}.Debug|Any CPU.ActiveCfg = Debug|Any CPU
		{3DA7E4D7-21A3-405B-9D9E-E4467E593C93}.Debug|Any CPU.Build.0 = Debug|Any CPU
		{3DA7E4D7-21A3-405B-9D9E-E4467E593C93}.Release|Any CPU.ActiveCfg = Release|Any CPU
		{3DA7E4D7-21A3-405B-9D9E-E4467E593C93}.Release|Any CPU.Build.0 = Release|Any CPU
	EndGlobalSection
	GlobalSection(SolutionProperties) = preSolution
		HideSolutionNode = FALSE
	EndGlobalSection
	GlobalSection(ExtensibilityGlobals) = postSolution
		SolutionGuid = {62212E7E-5D6D-4975-B282-5F1F0D0A98D5}
	EndGlobalSection
EndGlobal
