
Microsoft Visual Studio Solution File, Format Version 12.00
# Visual Studio Version 16
VisualStudioVersion = 16.0.31025.194
MinimumVisualStudioVersion = 10.0.40219.1
Project("{FAE04EC0-301F-11D3-BF4B-00C04F79EFBC}") = "Task6-2", "Task6-2\Task6-2.csproj", "{12642726-CDDA-43DD-A162-9FF840D122A5}"
EndProject
Global
	GlobalSection(SolutionConfigurationPlatforms) = preSolution
		Debug|Any CPU = Debug|Any CPU
		Release|Any CPU = Release|Any CPU
	EndGlobalSection
	GlobalSection(ProjectConfigurationPlatforms) = postSolution
		{12642726-CDDA-43DD-A162-9FF840D122A5}.Debug|Any CPU.ActiveCfg = Debug|Any CPU
		{12642726-CDDA-43DD-A162-9FF840D122A5}.Debug|Any CPU.Build.0 = Debug|Any CPU
		{12642726-CDDA-43DD-A162-9FF840D122A5}.Release|Any CPU.ActiveCfg = Release|Any CPU
		{12642726-CDDA-43DD-A162-9FF840D122A5}.Release|Any CPU.Build.0 = Release|Any CPU
	EndGlobalSection
	GlobalSection(SolutionProperties) = preSolution
		HideSolutionNode = FALSE
	EndGlobalSection
	GlobalSection(ExtensibilityGlobals) = postSolution
		SolutionGuid = {4FA7260F-88E6-4721-AEC1-6403F628C294}
	EndGlobalSection
EndGlobal
