
Microsoft Visual Studio Solution File, Format Version 12.00
# Visual Studio Version 16
VisualStudioVersion = 16.0.31025.194
MinimumVisualStudioVersion = 10.0.40219.1
Project("{FAE04EC0-301F-11D3-BF4B-00C04F79EFBC}") = "Task3-4", "Task3-4\Task3-4.csproj", "{A1D0191C-0344-41DE-A656-26B40903B49B}"
EndProject
Global
	GlobalSection(SolutionConfigurationPlatforms) = preSolution
		Debug|Any CPU = Debug|Any CPU
		Release|Any CPU = Release|Any CPU
	EndGlobalSection
	GlobalSection(ProjectConfigurationPlatforms) = postSolution
		{A1D0191C-0344-41DE-A656-26B40903B49B}.Debug|Any CPU.ActiveCfg = Debug|Any CPU
		{A1D0191C-0344-41DE-A656-26B40903B49B}.Debug|Any CPU.Build.0 = Debug|Any CPU
		{A1D0191C-0344-41DE-A656-26B40903B49B}.Release|Any CPU.ActiveCfg = Release|Any CPU
		{A1D0191C-0344-41DE-A656-26B40903B49B}.Release|Any CPU.Build.0 = Release|Any CPU
	EndGlobalSection
	GlobalSection(SolutionProperties) = preSolution
		HideSolutionNode = FALSE
	EndGlobalSection
	GlobalSection(ExtensibilityGlobals) = postSolution
		SolutionGuid = {D0A61F1B-1DC2-410E-9F19-05371F3372BF}
	EndGlobalSection
EndGlobal
